# THIS IS AN AUTOGENERATED FILE. DO NOT EDIT THIS FILE DIRECTLY.
# yarn lockfile v1


abbrev@1:
  version "1.1.1"
  resolved "http://artifactory.corp.linkedin.com:8081/artifactory/api/npm/npm-external/abbrev/-/abbrev-1.1.1.tgz#212208bc529969c2fa03ed50ee5c06cb0ad464f6"

ansi-regex@^2.0.0:
  version "2.1.1"
  resolved "http://artifactory.corp.linkedin.com:8081/artifactory/api/npm/npm-external/ansi-regex/-/ansi-regex-2.1.1.tgz#96893b61fe011ea6eba4e41aa814f2344289e0a4"

ansi-styles@^2.2.1:
  version "2.2.1"
  resolved "http://artifactory.corp.linkedin.com:8081/artifactory/api/npm/npm-external/ansi-styles/-/ansi-styles-2.2.1.tgz#36b15654221aeb980605fd7c038e056b230c71a8"

ansi-styles@^3.1.0:
  version "3.2.0"
  resolved "http://artifactory.corp.linkedin.com:8081/artifactory/api/npm/npm-external/ansi-styles/-/ansi-styles-3.2.0.tgz#a91235c556dba04bb9c399c1313437aaf6473dc5"
  dependencies:
    color-convert "^1.9.0"

argparse@^1.0.2:
  version "1.0.9"
  resolved "http://artifactory.corp.linkedin.com:8081/artifactory/api/npm/npm-external/argparse/-/argparse-1.0.9.tgz#998cfe9c1fea2e772e736492d4bd1100b13689e9"
  dependencies:
    sprintf-js "~1.0.2"

array-find-index@^1.0.1:
  version "1.0.2"
  resolved "http://artifactory.corp.linkedin.com:8081/artifactory/api/npm/npm-external/array-find-index/-/array-find-index-1.0.2.tgz#74c99f1930923a1d3811cb1016d7bf7c900f1fdd"

async@~0.9.0:
  version "0.9.2"
  resolved "http://artifactory.corp.linkedin.com:8081/artifactory/api/npm/npm-external/async/-/async-0.9.2.tgz#aea74d5e61c1f899613bf64bda66d4c78f2fd17d"

async@~1.5.2:
  version "1.5.2"
  resolved "http://artifactory.corp.linkedin.com:8081/artifactory/api/npm/npm-external/async/-/async-1.5.2.tgz#925b840d30c15e5ea649c02d7af65deef280d3c3"

babel-code-frame@^6.22.0:
  version "6.26.0"
  resolved "http://artifactory.corp.linkedin.com:8081/artifactory/api/npm/npm-external/babel-code-frame/-/babel-code-frame-6.26.0.tgz#fc939330384756f3c39d71f1b967c2e05a35fe36"
  dependencies:
    chalk "^1.1.3"
    esutils "^2.0.2"
    js-tokens "^3.0.2"

balanced-match@^1.0.0:
  version "1.0.0"
  resolved "http://artifactory.corp.linkedin.com:8081/artifactory/api/npm/npm-external/balanced-match/-/balanced-match-1.0.0.tgz#c88a6e878718c19043a915dc9f197bc906c0210e"

brace-expansion@^1.1.7:
  version "1.1.8"
  resolved "http://artifactory.corp.linkedin.com:8081/artifactory/api/npm/npm-external/brace-expansion/-/brace-expansion-1.1.8.tgz#46403fb1e1e93aa43bf1b9413b14f51e44875114"
  dependencies:
    balanced-match "^1.0.0"
    concat-map "0.0.1"

builtin-modules@^1.0.0, builtin-modules@^1.1.1:
  version "1.1.1"
  resolved "http://artifactory.corp.linkedin.com:8081/artifactory/api/npm/npm-external/builtin-modules/-/builtin-modules-1.1.1.tgz#9d75ae9b721feb0ebbf3a9a243996e3d2ba9257d"

camelcase-keys@^2.0.0:
  version "2.1.0"
  resolved "http://artifactory.corp.linkedin.com:8081/artifactory/api/npm/npm-external/camelcase-keys/-/camelcase-keys-2.1.0.tgz#8ec9640b2ef16d763b4d3f935a449deab983302d"
  dependencies:
    camelcase "^2.0.0"
    map-obj "^1.0.0"

camelcase@^2.0.0:
  version "2.1.1"
  resolved "http://artifactory.corp.linkedin.com:8081/artifactory/api/npm/npm-external/camelcase/-/camelcase-2.1.1.tgz#90cdcf90bd638965021bb7c3d182ee98282df803"

chalk@^1.1.3, chalk@~1.1.1:
  version "1.1.3"
  resolved "http://artifactory.corp.linkedin.com:8081/artifactory/api/npm/npm-external/chalk/-/chalk-1.1.3.tgz#8a517bb9581e318deb3ed64b0c1f0ea637a4cd85"
  dependencies:
    ansi-styles "^2.2.1"
    escape-string-regexp "^1.0.2"
    has-ansi "^2.0.0"
    strip-ansi "^3.0.0"
    supports-color "^2.0.0"

chalk@^2.1.0:
  version "2.3.0"
  resolved "http://artifactory.corp.linkedin.com:8081/artifactory/api/npm/npm-external/chalk/-/chalk-2.3.0.tgz#f51fdb9a9fc375b8561058fbc1409ed3192e1a57"
  dependencies:
    ansi-styles "^3.1.0"
    escape-string-regexp "^1.0.5"
    supports-color "^4.0.0"

coffee-script@~1.10.0:
  version "1.10.0"
  resolved "http://artifactory.corp.linkedin.com:8081/artifactory/api/npm/npm-external/coffee-script/-/coffee-script-1.10.0.tgz#a8be5104ef418d22de3df30a8eda6e08e4c71f4c"

color-convert@^1.9.0:
  version "1.9.1"
  resolved "http://artifactory.corp.linkedin.com:8081/artifactory/api/npm/npm-external/color-convert/-/color-convert-1.9.1.tgz#7a01361292489298cc48cf7dc3526bd7df26490e"
  dependencies:
    color-name "^1.1.1"

color-name@^1.1.1:
  version "1.1.3"
  resolved "http://artifactory.corp.linkedin.com:8081/artifactory/api/npm/npm-external/color-name/-/color-name-1.1.3.tgz#eb0f28af5cd48dbe2a73821d8654e4b9be2d5d9d"

colors@~1.1.2:
  version "1.1.2"
  resolved "http://artifactory.corp.linkedin.com:8081/artifactory/api/npm/npm-external/colors/-/colors-1.1.2.tgz#0b2e3948fe3f30bf42b2ff9f0fe0e643fbf9f8c2"

combined-stream@~0.0.4:
  version "0.0.7"
  resolved "http://artifactory.corp.linkedin.com:8081/artifactory/api/npm/npm-external/combined-stream/-/combined-stream-0.0.7.tgz#0137e657baa5a7541c57ac37ac5fc07d73b4dc1f"
  dependencies:
    delayed-stream "0.0.5"

commander@^2.9.0:
  version "2.12.1"
  resolved "http://artifactory.corp.linkedin.com:8081/artifactory/api/npm/npm-external/commander/-/commander-2.12.1.tgz#7c69466bf4570502300c43359e2dc626035093c9"

component-emitter@1.1.2:
  version "1.1.2"
  resolved "http://artifactory.corp.linkedin.com:8081/artifactory/api/npm/npm-external/component-emitter/-/component-emitter-1.1.2.tgz#296594f2753daa63996d2af08d15a95116c9aec3"

concat-map@0.0.1:
  version "0.0.1"
  resolved "http://artifactory.corp.linkedin.com:8081/artifactory/api/npm/npm-external/concat-map/-/concat-map-0.0.1.tgz#d8a96bd77fd68df7793a73036a3ba0d5405d477b"

cookiejar@2.0.1:
  version "2.0.1"
  resolved "http://artifactory.corp.linkedin.com:8081/artifactory/api/npm/npm-external/cookiejar/-/cookiejar-2.0.1.tgz#3d12752f6adf68a892f332433492bd5812bb668f"

core-util-is@~1.0.0:
  version "1.0.2"
  resolved "http://artifactory.corp.linkedin.com:8081/artifactory/api/npm/npm-external/core-util-is/-/core-util-is-1.0.2.tgz#ff8cadd074282138091203b3c03f5b11eb4a388b"

currently-unhandled@^0.4.1:
  version "0.4.1"
  resolved "http://artifactory.corp.linkedin.com:8081/artifactory/api/npm/npm-external/currently-unhandled/-/currently-unhandled-0.4.1.tgz#ab070cc18a32283185bf1b135b305e8da5b1ad05"
  dependencies:
    array-find-index "^1.0.1"

dateformat@~1.0.12:
  version "1.0.12"
  resolved "http://artifactory.corp.linkedin.com:8081/artifactory/api/npm/npm-external/dateformat/-/dateformat-1.0.12.tgz#94a5244da8a973c4c4a2e18fc210d078be3d9089"
  dependencies:
    get-stdin "^4.0.1"
    meow "^3.3.0"

debug@2:
  version "2.6.9"
  resolved "http://artifactory.corp.linkedin.com:8081/artifactory/api/npm/npm-external/debug/-/debug-2.6.9.tgz#bd641ff7f522c4504bb803c9d7136d95679de900"
  dependencies:
    ms "2.0.0"

decamelize@^1.1.2:
  version "1.2.0"
  resolved "http://artifactory.corp.linkedin.com:8081/artifactory/api/npm/npm-external/decamelize/-/decamelize-1.2.0.tgz#862f48cf06932a22160dea2916d7153894581c4d"

delayed-stream@0.0.5:
  version "0.0.5"
  resolved "http://artifactory.corp.linkedin.com:8081/artifactory/api/npm/npm-external/delayed-stream/-/delayed-stream-0.0.5.tgz#d4b1f43a93e8296dfe02694f4680bc37a313c73f"

diff@^3.2.0:
  version "3.4.0"
  resolved "http://artifactory.corp.linkedin.com:8081/artifactory/api/npm/npm-external/diff/-/diff-3.4.0.tgz#c9657ca0b9c320dd15c82add90b51576fda338a7"

error-ex@^1.2.0:
  version "1.3.1"
  resolved "http://artifactory.corp.linkedin.com:8081/artifactory/api/npm/npm-external/error-ex/-/error-ex-1.3.1.tgz#e29ebd12840dfbbfda55352880d13e2256a08119"
  dependencies:
    is-arrayish "^0.2.1"

escape-string-regexp@^1.0.2, escape-string-regexp@^1.0.5:
  version "1.0.5"
  resolved "http://artifactory.corp.linkedin.com:8081/artifactory/api/npm/npm-external/escape-string-regexp/-/escape-string-regexp-1.0.5.tgz#89aa0242bc646360b5a9568a86aa3dea9ab425fc"

esprima@^2.6.0:
  version "2.7.3"
  resolved "http://artifactory.corp.linkedin.com:8081/artifactory/api/npm/npm-external/esprima/-/esprima-2.7.3.tgz#6a7d3bea5c087b6b2ab1e45965a2fff365a22a96"

esutils@^2.0.2:
  version "2.0.2"
  resolved "http://artifactory.corp.linkedin.com:8081/artifactory/api/npm/npm-external/esutils/-/esutils-2.0.2.tgz#0abf4f1caa5bcb1f7a9d8acc6dea4faaa04bac9b"

eventemitter2@~0.4.13:
  version "0.4.14"
  resolved "http://artifactory.corp.linkedin.com:8081/artifactory/api/npm/npm-external/eventemitter2/-/eventemitter2-0.4.14.tgz#8f61b75cde012b2e9eb284d4545583b5643b61ab"

exit@~0.1.1:
  version "0.1.2"
  resolved "http://artifactory.corp.linkedin.com:8081/artifactory/api/npm/npm-external/exit/-/exit-0.1.2.tgz#0632638f8d877cc82107d30a0fff1a17cba1cd0c"

extend@~1.2.1:
  version "1.2.1"
  resolved "http://artifactory.corp.linkedin.com:8081/artifactory/api/npm/npm-external/extend/-/extend-1.2.1.tgz#a0f5fd6cfc83a5fe49ef698d60ec8a624dd4576c"

find-up@^1.0.0:
  version "1.1.2"
  resolved "http://artifactory.corp.linkedin.com:8081/artifactory/api/npm/npm-external/find-up/-/find-up-1.1.2.tgz#b4705b525e2813067b9a378dcb21d4fac70fad30"
  dependencies:
    path-exists "^2.0.0"
    pinkie-promise "^2.0.0"

findup-sync@~0.3.0:
  version "0.3.0"
  resolved "http://artifactory.corp.linkedin.com:8081/artifactory/api/npm/npm-external/findup-sync/-/findup-sync-0.3.0.tgz#93e2b5186f8b6cb7765371b1ea45b3e372741a53"
  dependencies:
    glob "~5.0.0"

form-data@0.1.3:
  version "0.1.3"
  resolved "http://artifactory.corp.linkedin.com:8081/artifactory/api/npm/npm-external/form-data/-/form-data-0.1.3.tgz#4ee4346e6eb5362e8344a02075bd8dbd8c7373ea"
  dependencies:
    async "~0.9.0"
    combined-stream "~0.0.4"
    mime "~1.2.11"

formidable@1.0.14:
  version "1.0.14"
  resolved "http://artifactory.corp.linkedin.com:8081/artifactory/api/npm/npm-external/formidable/-/formidable-1.0.14.tgz#2b3f4c411cbb5fdd695c44843e2a23514a43231a"

fs.realpath@^1.0.0:
  version "1.0.0"
  resolved "http://artifactory.corp.linkedin.com:8081/artifactory/api/npm/npm-external/fs.realpath/-/fs.realpath-1.0.0.tgz#98f1139855348e8433d679d6530046407f37a3fd"

get-stdin@^4.0.1:
  version "4.0.1"
  resolved "http://artifactory.corp.linkedin.com:8081/artifactory/api/npm/npm-external/get-stdin/-/get-stdin-4.0.1.tgz#b968c6b0a04384324902e8bf1a5df32579a450fe"

getobject@~0.1.0:
  version "0.1.0"
  resolved "http://artifactory.corp.linkedin.com:8081/artifactory/api/npm/npm-external/getobject/-/getobject-0.1.0.tgz#047a449789fa160d018f5486ed91320b6ec7885c"

glob@^7.1.1:
  version "7.1.2"
  resolved "http://artifactory.corp.linkedin.com:8081/artifactory/api/npm/npm-external/glob/-/glob-7.1.2.tgz#773f0eddc8f6f5c8f5afe196b49c4d507ce84a54"
  dependencies:
    fs.realpath "^1.0.0"
    inflight "^1.0.4"
    inherits "2"
    minimatch "^3.0.4"
    once "^1.3.0"
    path-is-absolute "^1.0.0"

glob@~5.0.0:
  version "5.0.15"
  resolved "http://artifactory.corp.linkedin.com:8081/artifactory/api/npm/npm-external/glob/-/glob-5.0.15.tgz#c4f03a646f6c0f5e66b1cb74822b57a7652bf307"
  dependencies:
    inflight "^1.0.4"
    inherits "2"
    minimatch "2 || 3"
    once "^1.3.0"
    path-is-absolute "^1.0.0"

glob@~7.0.0:
  version "7.0.6"
  resolved "http://artifactory.corp.linkedin.com:8081/artifactory/api/npm/npm-external/glob/-/glob-7.0.6.tgz#235c95f2d5bac92e524983dbee50680deb833364"
  dependencies:
    fs.realpath "^1.0.0"
    inflight "^1.0.4"
    inherits "2"
    minimatch "^3.0.2"
    once "^1.3.0"
    path-is-absolute "^1.0.0"

graceful-fs@^4.1.2:
  version "4.1.11"
  resolved "http://artifactory.corp.linkedin.com:8081/artifactory/api/npm/npm-external/graceful-fs/-/graceful-fs-4.1.11.tgz#3fab0bae12b7ce877cbaed06a150e776be88a62d"

grunt-cli@~1.2.0:
  version "1.2.0"
  resolved "http://artifactory.corp.linkedin.com:8081/artifactory/api/npm/npm-external/grunt-cli/-/grunt-cli-1.2.0.tgz#8a7ceffd324df770880ed5abe5aa2ba3cf002d8d"
  dependencies:
    findup-sync "~0.3.0"
    grunt-known-options "~1.1.0"
    nopt "~3.0.6"
    resolve "~1.1.0"

grunt-known-options@~1.1.0:
  version "1.1.0"
  resolved "http://artifactory.corp.linkedin.com:8081/artifactory/api/npm/npm-external/grunt-known-options/-/grunt-known-options-1.1.0.tgz#4d5281772c97b8dcb09d255d7bff7d10d268aa22"

grunt-legacy-log-utils@~1.0.0:
  version "1.0.0"
  resolved "http://artifactory.corp.linkedin.com:8081/artifactory/api/npm/npm-external/grunt-legacy-log-utils/-/grunt-legacy-log-utils-1.0.0.tgz#ec46c17fba4a64d9b0b5e3af9dff76470dd0a6af"
  dependencies:
    chalk "~1.1.1"
    lodash "~4.3.0"

grunt-legacy-log@~1.0.0:
  version "1.0.0"
  resolved "http://artifactory.corp.linkedin.com:8081/artifactory/api/npm/npm-external/grunt-legacy-log/-/grunt-legacy-log-1.0.0.tgz#62e297ce89fc16d3a8957befb506ef725a84272d"
  dependencies:
    colors "~1.1.2"
    grunt-legacy-log-utils "~1.0.0"
    hooker "~0.2.3"
    lodash "~3.10.1"
    underscore.string "~3.2.3"

grunt-legacy-util@~1.0.0:
  version "1.0.0"
  resolved "http://artifactory.corp.linkedin.com:8081/artifactory/api/npm/npm-external/grunt-legacy-util/-/grunt-legacy-util-1.0.0.tgz#362e7f16ada8e6a7844adbcdc7f20dabde16ad17"
  dependencies:
    async "~1.5.2"
    exit "~0.1.1"
    getobject "~0.1.0"
    hooker "~0.2.3"
    lodash "~4.3.0"
    underscore.string "~3.2.3"
    which "~1.2.1"

grunt-release@^0.12.0:
  version "0.12.0"
  resolved "http://artifactory.corp.linkedin.com:8081/artifactory/api/npm/npm-external/grunt-release/-/grunt-release-0.12.0.tgz#7ee193517342ec9c3f1b7f8d017168403b0a0217"
  dependencies:
    q "^1.1.2"
    semver "^4.1.0"
    shelljs "^0.3.0"
    superagent "^0.21.0"

grunt@^1.0.1:
  version "1.0.1"
  resolved "http://artifactory.corp.linkedin.com:8081/artifactory/api/npm/npm-external/grunt/-/grunt-1.0.1.tgz#944ac4a0d7e4030be93467d58165e4f69241a697"
  dependencies:
    coffee-script "~1.10.0"
    dateformat "~1.0.12"
    eventemitter2 "~0.4.13"
    exit "~0.1.1"
    findup-sync "~0.3.0"
    glob "~7.0.0"
    grunt-cli "~1.2.0"
    grunt-known-options "~1.1.0"
    grunt-legacy-log "~1.0.0"
    grunt-legacy-util "~1.0.0"
    iconv-lite "~0.4.13"
    js-yaml "~3.5.2"
    minimatch "~3.0.0"
    nopt "~3.0.6"
    path-is-absolute "~1.0.0"
    rimraf "~2.2.8"

has-ansi@^2.0.0:
  version "2.0.0"
  resolved "http://artifactory.corp.linkedin.com:8081/artifactory/api/npm/npm-external/has-ansi/-/has-ansi-2.0.0.tgz#159d53e593dee9b79632fb047bce78966ceb243c"
  dependencies:
    ansi-regex "^2.0.0"

has-flag@^2.0.0:
  version "2.0.0"
  resolved "http://artifactory.corp.linkedin.com:8081/artifactory/api/npm/npm-external/has-flag/-/has-flag-2.0.0.tgz#86274066a4fa709e5e7d422b9a2993a6208c0570"

hooker@~0.2.3:
  version "0.2.3"
  resolved "http://artifactory.corp.linkedin.com:8081/artifactory/api/npm/npm-external/hooker/-/hooker-0.2.3.tgz#b834f723cc4a242aa65963459df6d984c5d3d959"

hosted-git-info@^2.1.4:
  version "2.5.0"
  resolved "http://artifactory.corp.linkedin.com:8081/artifactory/api/npm/npm-external/hosted-git-info/-/hosted-git-info-2.5.0.tgz#f7930716c597f94106debee9965ee193bb2b940e"

iconv-lite@~0.4.13:
  version "0.4.19"
  resolved "http://artifactory.corp.linkedin.com:8081/artifactory/api/npm/npm-external/iconv-lite/-/iconv-lite-0.4.19.tgz#1bce98e8ebbe579712c422639049222526a3deca"

indent-string@^2.1.0:
  version "2.1.0"
  resolved "http://artifactory.corp.linkedin.com:8081/artifactory/api/npm/npm-external/indent-string/-/indent-string-2.1.0.tgz#668a5e8842d6ac01f9f75f64c1f763233370e5ad"
  dependencies:
    repeating "^2.0.0"

inflight@^1.0.4:
  version "1.0.6"
  resolved "http://artifactory.corp.linkedin.com:8081/artifactory/api/npm/npm-external/inflight/-/inflight-1.0.6.tgz#c9a77ae4739ab05fb5b0ca81712446c4d69c30c5"
  dependencies:
    once "^1.3.0"
    wrappy "1"

inherits@2, inherits@~2.0.1:
  version "2.0.3"
  resolved "http://artifactory.corp.linkedin.com:8081/artifactory/api/npm/npm-external/inherits/-/inherits-2.0.3.tgz#cddd44ee51a43b1edf18abbbcb14ca133731a81b"

is-arrayish@^0.2.1:
  version "0.2.1"
  resolved "http://artifactory.corp.linkedin.com:8081/artifactory/api/npm/npm-external/is-arrayish/-/is-arrayish-0.2.1.tgz#c0cafa2c21f00b21d82b2337ebfdb2e15646c416"

is-builtin-module@^1.0.0:
  version "1.0.0"
  resolved "http://artifactory.corp.linkedin.com:8081/artifactory/api/npm/npm-external/is-builtin-module/-/is-builtin-module-1.0.0.tgz#ad87263b0e34ffea3500ae10354cc8372397643c"
  dependencies:
    builtin-modules "^1.0.0"

is-finite@^1.0.0:
  version "1.0.2"
  resolved "http://artifactory.corp.linkedin.com:8081/artifactory/api/npm/npm-external/is-finite/-/is-finite-1.0.2.tgz#150b5895e5d61741560b595e580c1e22a0b69a25"
  dependencies:
    number-is-nan "^1.0.0"

is-utf8@^0.2.0:
  version "0.2.1"
  resolved "http://artifactory.corp.linkedin.com:8081/artifactory/api/npm/npm-external/is-utf8/-/is-utf8-0.2.1.tgz#86a3693d8f0c18930bec5f05f1e63624c502e615"

isarray@0.0.1:
  version "0.0.1"
  resolved "http://artifactory.corp.linkedin.com:8081/artifactory/api/npm/npm-external/isarray/-/isarray-0.0.1.tgz#8a18acfca9a8f4177e09abfc6038939b05d1eedf"

isexe@^2.0.0:
  version "2.0.0"
  resolved "http://artifactory.corp.linkedin.com:8081/artifactory/api/npm/npm-external/isexe/-/isexe-2.0.0.tgz#f3cd99c30a56f7dd8d57b91c174bcce824f4870f"

js-tokens@^3.0.2:
  version "3.0.2"
  resolved "http://artifactory.corp.linkedin.com:8081/artifactory/api/npm/npm-external/js-tokens/-/js-tokens-3.0.2.tgz#745cb853d71b748271d4bbf5608694f5ba745cc3"

js-yaml@~3.5.2:
  version "3.5.5"
  resolved "http://artifactory.corp.linkedin.com:8081/artifactory/api/npm/npm-external/js-yaml/-/js-yaml-3.5.5.tgz#a3af969dbeab142278447cb87bc807f2dbe61d6c"
  dependencies:
    argparse "^1.0.2"
    esprima "^2.6.0"

load-json-file@^1.0.0:
  version "1.1.0"
  resolved "http://artifactory.corp.linkedin.com:8081/artifactory/api/npm/npm-external/load-json-file/-/load-json-file-1.1.0.tgz#715b86a6f52511702f45f3a50dd3c0510ccd7070"
  dependencies:
    graceful-fs "^4.1.2"
    parse-json "^2.2.0"
    pify "^2.0.0"
    pinkie-promise "^2.0.0"
    strip-bom "^2.0.0"

lodash@~3.10.1:
  version "3.10.1"
  resolved "http://artifactory.corp.linkedin.com:8081/artifactory/api/npm/npm-external/lodash/-/lodash-3.10.1.tgz#b20bac311fe442a9e391e63ffc51f13c9893a667"

lodash@~4.3.0:
  version "4.3.0"
  resolved "http://artifactory.corp.linkedin.com:8081/artifactory/api/npm/npm-external/lodash/-/lodash-4.3.0.tgz#d537c5127c50cb2a623a06ab01f935cded5f461d"

loud-rejection@^1.0.0:
  version "1.6.0"
  resolved "http://artifactory.corp.linkedin.com:8081/artifactory/api/npm/npm-external/loud-rejection/-/loud-rejection-1.6.0.tgz#65547f257dac16fec5fb6c1794e7544eb8eb28fb"
  dependencies:
    currently-unhandled "^0.4.1"
    signal-exit "^3.0.0"

map-obj@^1.0.0, map-obj@^1.0.1:
  version "1.0.1"
  resolved "http://artifactory.corp.linkedin.com:8081/artifactory/api/npm/npm-external/map-obj/-/map-obj-1.0.1.tgz#d933ceb9205d82bdcf4886f6742bdc2b4dea146d"

meow@^3.3.0:
  version "3.7.0"
  resolved "http://artifactory.corp.linkedin.com:8081/artifactory/api/npm/npm-external/meow/-/meow-3.7.0.tgz#3dd1578c1fc024a5590d200db84ecafaabe15b87"
  dependencies:
    camelcase-keys "^2.0.0"
    decamelize "^1.1.2"
    loud-rejection "^1.0.0"
    map-obj "^1.0.1"
    minimist "^1.1.3"
    normalize-package-data "^2.3.4"
    object-assign "^4.0.1"
    read-pkg-up "^1.0.1"
    redent "^1.0.0"
    trim-newlines "^1.0.0"

methods@1.0.1:
  version "1.0.1"
  resolved "http://artifactory.corp.linkedin.com:8081/artifactory/api/npm/npm-external/methods/-/methods-1.0.1.tgz#75bc91943dffd7da037cf3eeb0ed73a0037cd14b"

mime@1.2.11, mime@~1.2.11:
  version "1.2.11"
  resolved "http://artifactory.corp.linkedin.com:8081/artifactory/api/npm/npm-external/mime/-/mime-1.2.11.tgz#58203eed86e3a5ef17aed2b7d9ebd47f0a60dd10"

"minimatch@2 || 3", minimatch@^3.0.2, minimatch@^3.0.4, minimatch@~3.0.0:
  version "3.0.4"
  resolved "http://artifactory.corp.linkedin.com:8081/artifactory/api/npm/npm-external/minimatch/-/minimatch-3.0.4.tgz#5e3d72b2c3021165b9d39ab8cfffd31da8dd2f5f"
  dependencies:
    brace-expansion "^1.1.7"

minimist@^1.1.3:
  version "1.2.0"
  resolved "http://artifactory.corp.linkedin.com:8081/artifactory/api/npm/npm-external/minimist/-/minimist-1.2.0.tgz#4907015bd402f18321d9d43ec399951d285df80a"

ms@2.0.0:
  version "2.0.0"
  resolved "http://artifactory.corp.linkedin.com:8081/artifactory/api/npm/npm-external/ms/-/ms-2.0.0.tgz#cca2b3376586b8a13eea3930354d7c0474862ee6"

nopt@~3.0.6:
  version "3.0.6"
  resolved "http://artifactory.corp.linkedin.com:8081/artifactory/api/npm/npm-external/nopt/-/nopt-3.0.6.tgz#8aabfc39fc137ba327b66cf3f8f45aa0c3b0f39f"
  dependencies:
    abbrev "1"

normalize-package-data@^2.3.2, normalize-package-data@^2.3.4:
  version "2.4.0"
  resolved "http://artifactory.corp.linkedin.com:8081/artifactory/api/npm/npm-external/normalize-package-data/-/normalize-package-data-2.4.0.tgz#bb301e78eb05fc9da52b77db093bad4b4c2a6a94"
  dependencies:
    hosted-git-info "^2.1.4"
    is-builtin-module "^1.0.0"
    semver "2 || 3 || 4 || 5"
    validate-npm-package-license "^3.0.1"

number-is-nan@^1.0.0:
  version "1.0.1"
  resolved "http://artifactory.corp.linkedin.com:8081/artifactory/api/npm/npm-external/number-is-nan/-/number-is-nan-1.0.1.tgz#cebd80b63b36adfa4a79e636607c1aa5bca76e7e"

object-assign@^4.0.1:
  version "4.1.1"
  resolved "http://artifactory.corp.linkedin.com:8081/artifactory/api/npm/npm-external/object-assign/-/object-assign-4.1.1.tgz#5db2000c6a021c54163a4d5a09b165c597d71153"

once@^1.3.0:
  version "1.4.0"
  resolved "http://artifactory.corp.linkedin.com:8081/artifactory/api/npm/npm-external/once/-/once-1.4.0.tgz#522e263281c82b99b664d059bf11b9b452d21110"
  dependencies:
    wrappy "1"

parse-json@^2.2.0:
  version "2.2.0"
  resolved "http://artifactory.corp.linkedin.com:8081/artifactory/api/npm/npm-external/parse-json/-/parse-json-2.2.0.tgz#78f00bafc1c4399122a74533670265122f5316c4"
  dependencies:
    error-ex "^1.2.0"

path-exists@^2.0.0:
  version "2.1.0"
  resolved "http://artifactory.corp.linkedin.com:8081/artifactory/api/npm/npm-external/path-exists/-/path-exists-2.1.0.tgz#5c77b40909b7b6512eaff8523699fc6a1f9271fe"
  dependencies:
    pinkie-promise "^2.0.0"

path-is-absolute@^1.0.0, path-is-absolute@~1.0.0:
  version "1.0.1"
  resolved "http://artifactory.corp.linkedin.com:8081/artifactory/api/npm/npm-external/path-is-absolute/-/path-is-absolute-1.0.1.tgz#d8b28d03fc73363eedc65421a638702c1fa91883"

path-parse@^1.0.5:
  version "1.0.5"
  resolved "http://artifactory.corp.linkedin.com:8081/artifactory/api/npm/npm-external/path-parse/-/path-parse-1.0.5.tgz#a19e352dee6e857593a431109524db1d499c21f5"

path-type@^1.0.0:
  version "1.1.0"
  resolved "http://artifactory.corp.linkedin.com:8081/artifactory/api/npm/npm-external/path-type/-/path-type-1.1.0.tgz#ec89f48551c98cb18a4bddbf1941ce9322d512e6"
  dependencies:
    graceful-fs "^4.1.2"
    pify "^2.0.0"
    pinkie-promise "^2.0.0"

pify@^2.0.0:
  version "2.3.0"
  resolved "http://artifactory.corp.linkedin.com:8081/artifactory/api/npm/npm-external/pify/-/pify-2.3.0.tgz#9b6fea21d0add69093fdb7870cbf9658a753c0e0"

pinkie-promise@^2.0.0:
  version "2.0.1"
  resolved "http://artifactory.corp.linkedin.com:8081/artifactory/api/npm/npm-external/pinkie-promise/-/pinkie-promise-2.0.1.tgz#46ead3d1179dee908ce8835bda23b02a93b1d423"
  dependencies:
    pinkie "^2.0.0"

pinkie@^2.0.0:
  version "2.0.4"
  resolved "http://artifactory.corp.linkedin.com:8081/artifactory/api/npm/npm-external/pinkie/-/pinkie-2.0.4.tgz#cf01a2c4fb8f70ce1561668a982feba03b18f038"

q@^1.1.2:
  version "1.5.1"
  resolved "http://artifactory.corp.linkedin.com:8081/artifactory/api/npm/npm-external/q/-/q-1.5.1.tgz#e96c4e2378d2ed97e160aecf0418cd17b197e738"

qs@1.2.0:
  version "1.2.0"
  resolved "http://artifactory.corp.linkedin.com:8081/artifactory/api/npm/npm-external/qs/-/qs-1.2.0.tgz#ed079be28682147e6fd9a34cc2b0c1e0ec6453ee"

read-pkg-up@^1.0.1:
  version "1.0.1"
  resolved "http://artifactory.corp.linkedin.com:8081/artifactory/api/npm/npm-external/read-pkg-up/-/read-pkg-up-1.0.1.tgz#6fac67b2819800ceae24bf7a72e41a77c2e78a95"
  dependencies:
    find-up "^1.0.0"
    read-pkg "^1.0.0"

read-pkg@^1.0.0:
  version "1.1.0"
  resolved "http://artifactory.corp.linkedin.com:8081/artifactory/api/npm/npm-external/read-pkg/-/read-pkg-1.1.0.tgz#cadbca0d3fcb981ac96ea2d7f9f028ea553829cf"
  dependencies:
    load-json-file "^1.0.0"
    normalize-package-data "^2.3.2"
    path-type "^1.0.0"

readable-stream@1.0.27-1:
  version "1.0.27-1"
  resolved "http://artifactory.corp.linkedin.com:8081/artifactory/api/npm/npm-external/readable-stream/-/readable-stream-1.0.27-1.tgz#6b67983c20357cefd07f0165001a16d710d91078"
  dependencies:
    core-util-is "~1.0.0"
    inherits "~2.0.1"
    isarray "0.0.1"
    string_decoder "~0.10.x"

redent@^1.0.0:
  version "1.0.0"
  resolved "http://artifactory.corp.linkedin.com:8081/artifactory/api/npm/npm-external/redent/-/redent-1.0.0.tgz#7ae3af426df7d9463bbb34c3ee7429408764ae78"
  dependencies:
    indent-string "^2.1.0"
    strip-indent "^1.0.1"

reduce-component@1.0.1:
  version "1.0.1"
  resolved "http://artifactory.corp.linkedin.com:8081/artifactory/api/npm/npm-external/reduce-component/-/reduce-component-1.0.1.tgz#e0c93542c574521bea13df0f9488ed82ab77c5da"

repeating@^2.0.0:
  version "2.0.1"
  resolved "http://artifactory.corp.linkedin.com:8081/artifactory/api/npm/npm-external/repeating/-/repeating-2.0.1.tgz#9cc67ebaefd039a7ddb9b6125ddfdd5b309de015"
  dependencies:
    is-finite "^1.0.0"

resolve@^1.3.2:
  version "1.5.0"
  resolved "http://artifactory.corp.linkedin.com:8081/artifactory/api/npm/npm-external/resolve/-/resolve-1.5.0.tgz#a39013301bea78badb4876e31375381723dd7de1"
  dependencies:
    path-parse "^1.0.5"

resolve@~1.1.0:
  version "1.1.7"
  resolved "http://artifactory.corp.linkedin.com:8081/artifactory/api/npm/npm-external/resolve/-/resolve-1.1.7.tgz#2047c0a3a62b48a9f9c144cf996c87157cd21e81"

rimraf@~2.2.8:
  version "2.2.8"
  resolved "http://artifactory.corp.linkedin.com:8081/artifactory/api/npm/npm-external/rimraf/-/rimraf-2.2.8.tgz#e439be2aaee327321952730f99a8929e4fc50582"

"semver@2 || 3 || 4 || 5", semver@^5.3.0:
  version "5.4.1"
  resolved "http://artifactory.corp.linkedin.com:8081/artifactory/api/npm/npm-external/semver/-/semver-5.4.1.tgz#e8049d105c3069953b8ec0d87fc6038528a7f7de"

semver@^4.1.0:
  version "4.3.6"
  resolved "http://artifactory.corp.linkedin.com:8081/artifactory/api/npm/npm-external/semver/-/semver-4.3.6.tgz#300bc6e0e86374f7ba61068b5b1ecd57fc6532da"

shelljs@^0.3.0:
  version "0.3.0"
  resolved "http://artifactory.corp.linkedin.com:8081/artifactory/api/npm/npm-external/shelljs/-/shelljs-0.3.0.tgz#3596e6307a781544f591f37da618360f31db57b1"

signal-exit@^3.0.0:
  version "3.0.2"
  resolved "http://artifactory.corp.linkedin.com:8081/artifactory/api/npm/npm-external/signal-exit/-/signal-exit-3.0.2.tgz#85aebebe2e81642fd646ef46bf0a68ceddf36202"

spdx-correct@~1.0.0:
  version "1.0.2"
  resolved "http://artifactory.corp.linkedin.com:8081/artifactory/api/npm/npm-external/spdx-correct/-/spdx-correct-1.0.2.tgz#b5df0afe9dcf320adda9bcc9e579202acf68360a"
  dependencies:
    spdx-license-ids "^1.0.2"

spdx-expression-parse@~1.0.0:
  version "1.0.4"
  resolved "http://artifactory.corp.linkedin.com:8081/artifactory/api/npm/npm-external/spdx-expression-parse/-/spdx-expression-parse-1.0.4.tgz#3c9812325af663da38e5ebf5bf01e51710409bcc"

spdx-license-ids@^1.0.2:
  version "1.2.2"
  resolved "http://artifactory.corp.linkedin.com:8081/artifactory/api/npm/npm-external/spdx-license-ids/-/spdx-license-ids-1.2.2.tgz#7e3d2ad97c3235e85fe5ecbf83d5ef74c8098e14"

sprintf-js@~1.0.2:
  version "1.0.3"
  resolved "http://artifactory.corp.linkedin.com:8081/artifactory/api/npm/npm-external/sprintf-js/-/sprintf-js-1.0.3.tgz#b7f2f1fc3dd456d360aa2ba3729d6993f6d1c17c"

string_decoder@~0.10.x:
  version "0.10.31"
  resolved "http://artifactory.corp.linkedin.com:8081/artifactory/api/npm/npm-external/string_decoder/-/string_decoder-0.10.31.tgz#62e203bc41766c6c28c9fc84301dab1c5310fa94"

strip-ansi@^3.0.0:
  version "3.0.1"
  resolved "http://artifactory.corp.linkedin.com:8081/artifactory/api/npm/npm-external/strip-ansi/-/strip-ansi-3.0.1.tgz#c5daeef2b891db43f1fe709d2033818faac85ff2"
  dependencies:
    ansi-regex "^2.0.0"

strip-bom@^2.0.0:
  version "2.0.0"
  resolved "http://artifactory.corp.linkedin.com:8081/artifactory/api/npm/npm-external/strip-bom/-/strip-bom-2.0.0.tgz#7180b1c207082b8aef638ba5f70bfc214b4631e1"
  dependencies:
    is-utf8 "^0.2.0"

strip-indent@^1.0.1:
  version "1.0.1"
  resolved "http://artifactory.corp.linkedin.com:8081/artifactory/api/npm/npm-external/strip-indent/-/strip-indent-1.0.1.tgz#061c6bb701095c1fa158cbd12694f0775760a062"
  dependencies:
    get-stdin "^4.0.1"

superagent@^0.21.0:
  version "0.21.0"
  resolved "http://artifactory.corp.linkedin.com:8081/artifactory/api/npm/npm-external/superagent/-/superagent-0.21.0.tgz#fb15027984751ee7152200e6cd21cd6e19a5de87"
  dependencies:
    component-emitter "1.1.2"
    cookiejar "2.0.1"
    debug "2"
    extend "~1.2.1"
    form-data "0.1.3"
    formidable "1.0.14"
    methods "1.0.1"
    mime "1.2.11"
    qs "1.2.0"
    readable-stream "1.0.27-1"
    reduce-component "1.0.1"

supports-color@^2.0.0:
  version "2.0.0"
  resolved "http://artifactory.corp.linkedin.com:8081/artifactory/api/npm/npm-external/supports-color/-/supports-color-2.0.0.tgz#f2c2fa7b7e5c0c0ea7bb011c911becc52281b08d"

supports-color@^4.0.0:
  version "4.5.0"
  resolved "http://artifactory.corp.linkedin.com:8081/artifactory/api/npm/npm-external/supports-color/-/supports-color-4.5.0.tgz#a637236b02dac764c2047b5b7c616de37fe24ea7"
  dependencies:
    has-flag "^2.0.0"

trim-newlines@^1.0.0:
  version "1.0.0"
  resolved "http://artifactory.corp.linkedin.com:8081/artifactory/api/npm/npm-external/trim-newlines/-/trim-newlines-1.0.0.tgz#9efa87b81ebc455f43f21af364ec766556a52e92"

tslib@^1.7.1:
  version "1.8.0"
  resolved "http://artifactory.corp.linkedin.com:8081/artifactory/api/npm/npm-external/tslib/-/tslib-1.8.0.tgz#cf7b901153dc998b9da08b16d978132a44bf9092"

tslint@^5.5.0:
  version "5.8.0"
  resolved "http://artifactory.corp.linkedin.com:8081/artifactory/api/npm/npm-external/tslint/-/tslint-5.8.0.tgz#203a9a96a7af0f427b67260fca3c46da3a2a6819"
  dependencies:
    babel-code-frame "^6.22.0"
    builtin-modules "^1.1.1"
    chalk "^2.1.0"
    commander "^2.9.0"
    diff "^3.2.0"
    glob "^7.1.1"
    minimatch "^3.0.4"
    resolve "^1.3.2"
    semver "^5.3.0"
    tslib "^1.7.1"
    tsutils "^2.12.1"

tsutils@^2.12.1:
  version "2.12.2"
  resolved "http://artifactory.corp.linkedin.com:8081/artifactory/api/npm/npm-external/tsutils/-/tsutils-2.12.2.tgz#f97148ec7acef93784792f299ddd92a28d4826bc"
  dependencies:
    tslib "^1.7.1"

typescript@^2.3.4:
  version "2.6.1"
  resolved "http://artifactory.corp.linkedin.com:8081/artifactory/api/npm/npm-external/typescript/-/typescript-2.6.1.tgz#094aac5ce91cd9ec698917bae3b1acace3b8a42e"

underscore.string@~3.2.3:
  version "3.2.3"
  resolved "http://artifactory.corp.linkedin.com:8081/artifactory/api/npm/npm-external/underscore.string/-/underscore.string-3.2.3.tgz#58ca3b16d0e46ad631cc9d20e89a91337bcab13d"

validate-npm-package-license@^3.0.1:
  version "3.0.1"
  resolved "http://artifactory.corp.linkedin.com:8081/artifactory/api/npm/npm-external/validate-npm-package-license/-/validate-npm-package-license-3.0.1.tgz#b0bda1742a71e1f2dea87d3f7f8794fa4b39471f"
  dependencies:
    spdx-correct "~1.0.0"
    spdx-expression-parse "~1.0.0"

which@~1.2.1:
  version "1.2.14"
  resolved "http://artifactory.corp.linkedin.com:8081/artifactory/api/npm/npm-external/which/-/which-1.2.14.tgz#8bcdbea8ffdcc7cf5bc0ddd3dfb73facf8f1083a"
  dependencies:
    isexe "^2.0.0"

wrappy@1:
  version "1.0.2"
  resolved "http://artifactory.corp.linkedin.com:8081/artifactory/api/npm/npm-external/wrappy/-/wrappy-1.0.2.tgz#8d63f63294cfdbc89b2610f5526e5837e83b3819"
